{
  "nodes": {
    "flake-utils": {
      "locked": {
        "lastModified": 1644229661,
        "narHash": "sha256-1YdnJAsNy69bpcjuoKdOYQX0YxZBiCYZo4Twxerqv7k=",
        "owner": "numtide",
        "repo": "flake-utils",
        "rev": "3cecb5b042f7f209c56ffd8371b2711a290ec797",
        "type": "github"
      },
      "original": {
        "owner": "numtide",
        "repo": "flake-utils",
        "type": "github"
      }
    },
    "home-manager": {
      "inputs": {
        "nixpkgs": [
          "nixpkgs"
        ]
      },
      "locked": {
        "lastModified": 1645924784,
        "narHash": "sha256-mpwIohyuc3RAHmVXEm/vUHGMu2V9SLr4P3kh0xckwpI=",
        "owner": "nix-community",
        "repo": "home-manager",
        "rev": "2499b916921adde8a694117bc007efdde8bbd918",
        "type": "github"
      },
      "original": {
        "owner": "nix-community",
        "ref": "master",
        "repo": "home-manager",
        "type": "github"
      }
    },
    "nix-colors": {
      "locked": {
        "lastModified": 1643016200,
        "narHash": "sha256-l9I0u/8/oYsxvpF4pXx/L3bYgmkiFxZmv4IlYV61gJE=",
        "owner": "misterio77",
        "repo": "nix-colors",
        "rev": "07357aead79ec7c458303d71feafc9c992f808b8",
        "type": "github"
      },
      "original": {
        "owner": "misterio77",
        "repo": "nix-colors",
        "type": "github"
      }
    },
    "nixpkgs": {
      "locked": {
        "lastModified": 1644359234,
        "narHash": "sha256-u/sBnRgrFrn9W8gZMS6vN3ZnJsoTvbws968TpqwlDJQ=",
        "owner": "nixos",
        "repo": "nixpkgs",
        "rev": "c5051e2b5fe9fab43a64f0e0d06b62c81a890b90",
        "type": "github"
      },
      "original": {
        "owner": "nixos",
        "ref": "nixos-unstable",
        "repo": "nixpkgs",
        "type": "github"
      }
    },
    "nixpkgs_2": {
      "locked": {
        "lastModified": 1624470504,
        "narHash": "sha256-kfGPDT0J+x82CMZlIvIkGUC+yUl4XJSlz+BSVCZJUzI=",
        "owner": "NixOS",
        "repo": "nixpkgs",
        "rev": "920113a6e5e34e317c910b8477dd6cde88fcd202",
        "type": "github"
      },
      "original": {
        "id": "nixpkgs",
        "type": "indirect"
      }
    },
    "nur": {
      "locked": {
        "lastModified": 1644379669,
        "narHash": "sha256-w6/mDLvfG6YeiGsHy2r6gXBBozKJwjpkChIAk3gyR1I=",
        "owner": "nix-community",
        "repo": "nur",
        "rev": "925ae10cc7bbeaba05f0a0da14a001265233dc2e",
        "type": "github"
      },
      "original": {
        "owner": "nix-community",
        "repo": "nur",
        "type": "github"
      }
    },
    "root": {
      "inputs": {
        "flake-utils": "flake-utils",
        "home-manager": "home-manager",
        "nix-colors": "nix-colors",
        "nixpkgs": "nixpkgs",
        "nur": "nur",
        "suckless": "suckless"
      }
    },
    "suckless": {
      "inputs": {
        "nixpkgs": "nixpkgs_2",
        "utils": "utils"
      },
      "locked": {
        "lastModified": 1641749483,
        "narHash": "sha256-zNWudFxjtJG/4PlQ0/cleoCxCmtPVAQ9Yqp2DR6yZ6w=",
        "owner": "arcticlimer",
        "repo": "suckless",
        "rev": "f03161997f1b1c5f349260350852b81710ddb779",
        "type": "github"
      },
      "original": {
        "owner": "arcticlimer",
        "repo": "suckless",
        "type": "github"
      }
    },
    "utils": {
      "locked": {
        "lastModified": 1623875721,
        "narHash": "sha256-A8BU7bjS5GirpAUv4QA+QnJ4CceLHkcXdRp4xITDB0s=",
        "owner": "numtide",
        "repo": "flake-utils",
        "rev": "f7e004a55b120c02ecb6219596820fcd32ca8772",
        "type": "github"
      },
      "original": {
        "owner": "numtide",
        "repo": "flake-utils",
        "type": "github"
      }
    }
  },
  "root": "root",
  "version": 7
}
