{
  "nodes": {
    "home-manager": {
      "inputs": {
        "nixpkgs": "nixpkgs"
      },
      "locked": {
        "lastModified": 1625162737,
        "narHash": "sha256-IzKTw2u/EKVr6TCQYylSAcOnrVRpir3wG3MUHj2LsTc=",
        "owner": "nix-community",
        "repo": "home-manager",
        "rev": "7df6656b113ce0d39c8b7d30915cafe046e1d64e",
        "type": "github"
      },
      "original": {
        "owner": "nix-community",
        "repo": "home-manager",
        "type": "github"
      }
    },
    "nixpkgs": {
      "locked": {
        "lastModified": 1625293801,
        "narHash": "sha256-EPWzmXlI3Rm8cmgXF1FJT1I0T/MJnNSlD2SbGuBWZ3o=",
        "owner": "NixOS",
        "repo": "nixpkgs",
        "rev": "fa1d0259f47732c45438893d46c70964b592572e",
        "type": "github"
      },
      "original": {
        "id": "nixpkgs",
        "type": "indirect"
      }
    },
    "nixpkgs_2": {
      "locked": {
        "lastModified": 1625191069,
        "narHash": "sha256-M8/UH9pMgQEtuzY9bFwklYw8hx0pOKtUTyQC8E2UTHY=",
        "owner": "nixos",
        "repo": "nixpkgs",
        "rev": "d8079260a3028ae3221d7a5467443ee3a9edd2b8",
        "type": "github"
      },
      "original": {
        "owner": "nixos",
        "ref": "nixos-unstable",
        "repo": "nixpkgs",
        "type": "github"
      }
    },
    "nixpkgs_3": {
      "locked": {
        "lastModified": 1624470504,
        "narHash": "sha256-kfGPDT0J+x82CMZlIvIkGUC+yUl4XJSlz+BSVCZJUzI=",
        "owner": "NixOS",
        "repo": "nixpkgs",
        "rev": "920113a6e5e34e317c910b8477dd6cde88fcd202",
        "type": "github"
      },
      "original": {
        "id": "nixpkgs",
        "type": "indirect"
      }
    },
    "root": {
      "inputs": {
        "home-manager": "home-manager",
        "nixpkgs": "nixpkgs_2",
        "suckless": "suckless"
      }
    },
    "suckless": {
      "inputs": {
        "nixpkgs": "nixpkgs_3",
        "utils": "utils"
      },
      "locked": {
        "lastModified": 1625297599,
        "narHash": "sha256-DyfRimLJfsDRFi8sXmJEMcGccA1xNr/xf6ss6vHR+h4=",
        "owner": "arcticlimer",
        "repo": "suckless",
        "rev": "009508ac7ef9c567711a71c3c3b79393a065b74c",
        "type": "github"
      },
      "original": {
        "owner": "arcticlimer",
        "repo": "suckless",
        "type": "github"
      }
    },
    "utils": {
      "locked": {
        "lastModified": 1623875721,
        "narHash": "sha256-A8BU7bjS5GirpAUv4QA+QnJ4CceLHkcXdRp4xITDB0s=",
        "owner": "numtide",
        "repo": "flake-utils",
        "rev": "f7e004a55b120c02ecb6219596820fcd32ca8772",
        "type": "github"
      },
      "original": {
        "owner": "numtide",
        "repo": "flake-utils",
        "type": "github"
      }
    }
  },
  "root": "root",
  "version": 7
}
